Microsoft Visual Studio Solution File, Format Version 7.00
Project("{8BC9CEB8-8B4A-11D0-8D11-00A0C91BC942}") = "PubCookieFilter", "PubCookieFilter.vcproj", "{1A25D5CB-EAD0-4631-9013-F11F3109C2D5}"
EndProject
Project("{8BC9CEB8-8B4A-11D0-8D11-00A0C91BC942}") = "pbc_messages", "pbc_messages.vcproj", "{70162427-59FC-45E7-AD96-E87043A23374}"
EndProject
Global
	GlobalSection(SolutionConfiguration) = preSolution
		ConfigName.0 = Debug
		ConfigName.1 = Release
	EndGlobalSection
	GlobalSection(ProjectDependencies) = postSolution
	EndGlobalSection
	GlobalSection(ProjectConfiguration) = postSolution
		{1A25D5CB-EAD0-4631-9013-F11F3109C2D5}.Debug.ActiveCfg = Release|Win32
		{1A25D5CB-EAD0-4631-9013-F11F3109C2D5}.Debug.Build.0 = Release|Win32
		{1A25D5CB-EAD0-4631-9013-F11F3109C2D5}.Release.ActiveCfg = Release|Win32
		{1A25D5CB-EAD0-4631-9013-F11F3109C2D5}.Release.Build.0 = Release|Win32
		{70162427-59FC-45E7-AD96-E87043A23374}.Debug.ActiveCfg = Release|Win32
		{70162427-59FC-45E7-AD96-E87043A23374}.Debug.Build.0 = Release|Win32
		{70162427-59FC-45E7-AD96-E87043A23374}.Release.ActiveCfg = Release|Win32
		{70162427-59FC-45E7-AD96-E87043A23374}.Release.Build.0 = Release|Win32
	EndGlobalSection
	GlobalSection(ExtensibilityGlobals) = postSolution
	EndGlobalSection
	GlobalSection(ExtensibilityAddIns) = postSolution
	EndGlobalSection
EndGlobal
